
Microsoft Visual Studio Solution File, Format Version 12.00
# Visual Studio Version 16
VisualStudioVersion = 16.0.30804.86
MinimumVisualStudioVersion = 10.0.40219.1
Project("{FAE04EC0-301F-11D3-BF4B-00C04F79EFBC}") = "TheGame", "TheGame\TheGame.csproj", "{06491438-67F9-4909-8238-1505EE3274C6}"
EndProject
Global
	GlobalSection(SolutionConfigurationPlatforms) = preSolution
		Debug|Any CPU = Debug|Any CPU
		Release|Any CPU = Release|Any CPU
	EndGlobalSection
	GlobalSection(ProjectConfigurationPlatforms) = postSolution
		{06491438-67F9-4909-8238-1505EE3274C6}.Debug|Any CPU.ActiveCfg = Debug|Any CPU
		{06491438-67F9-4909-8238-1505EE3274C6}.Debug|Any CPU.Build.0 = Debug|Any CPU
		{06491438-67F9-4909-8238-1505EE3274C6}.Release|Any CPU.ActiveCfg = Release|Any CPU
		{06491438-67F9-4909-8238-1505EE3274C6}.Release|Any CPU.Build.0 = Release|Any CPU
	EndGlobalSection
	GlobalSection(SolutionProperties) = preSolution
		HideSolutionNode = FALSE
	EndGlobalSection
	GlobalSection(ExtensibilityGlobals) = postSolution
		SolutionGuid = {CB6A3F21-BF97-450E-9AB0-BB2E12FFF87C}
	EndGlobalSection
EndGlobal
